
Microsoft Visual Studio Solution File, Format Version 12.00
# Visual Studio Version 16
VisualStudioVersion = 16.0.30114.105
MinimumVisualStudioVersion = 10.0.40219.1
Project("{FAE04EC0-301F-11D3-BF4B-00C04F79EFBC}") = "csharpMusicFestival", "csharpMusicFestival.csproj", "{CABE3773-50AA-453B-84AB-5C73B7E4E7A0}"
EndProject
Global
	GlobalSection(SolutionConfigurationPlatforms) = preSolution
		Debug|Any CPU = Debug|Any CPU
		Release|Any CPU = Release|Any CPU
	EndGlobalSection
	GlobalSection(ProjectConfigurationPlatforms) = postSolution
		{CABE3773-50AA-453B-84AB-5C73B7E4E7A0}.Debug|Any CPU.ActiveCfg = Debug|Any CPU
		{CABE3773-50AA-453B-84AB-5C73B7E4E7A0}.Debug|Any CPU.Build.0 = Debug|Any CPU
		{CABE3773-50AA-453B-84AB-5C73B7E4E7A0}.Release|Any CPU.ActiveCfg = Release|Any CPU
		{CABE3773-50AA-453B-84AB-5C73B7E4E7A0}.Release|Any CPU.Build.0 = Release|Any CPU
	EndGlobalSection
	GlobalSection(SolutionProperties) = preSolution
		HideSolutionNode = FALSE
	EndGlobalSection
	GlobalSection(ExtensibilityGlobals) = postSolution
		SolutionGuid = {833D35D9-6730-4251-A96A-4E46BC47C82D}
	EndGlobalSection
EndGlobal
