
Microsoft Visual Studio Solution File, Format Version 12.00
# Visual Studio Version 16
VisualStudioVersion = 16.0.30114.105
MinimumVisualStudioVersion = 10.0.40219.1
Project("{FAE04EC0-301F-11D3-BF4B-00C04F79EFBC}") = "Client", "Client.csproj", "{C010171A-8033-4CA2-8DA1-A70C0EEFCAF1}"
EndProject
Project("{9A19103F-16F7-4668-BE54-9A1E7A4F7556}") = "Model", "..\Model\Model.csproj", "{09C44E1B-EFE3-4391-9021-CA36B53E89E1}"
EndProject
Project("{FAE04EC0-301F-11D3-BF4B-00C04F79EFBC}") = "Persistance", "..\Persistance\Persistance.csproj", "{73F401EF-A98C-4242-A6D4-69171FE3DB41}"
EndProject
Project("{FAE04EC0-301F-11D3-BF4B-00C04F79EFBC}") = "Services", "..\Services\Services.csproj", "{D06BDD35-546A-4630-9215-44E63DCC5312}"
EndProject
Project("{FAE04EC0-301F-11D3-BF4B-00C04F79EFBC}") = "Networking", "..\Networking\Networking.csproj", "{EE6C83D5-A7C8-49F7-9FC1-A6CD8EA9A49A}"
EndProject
Project("{FAE04EC0-301F-11D3-BF4B-00C04F79EFBC}") = "Server", "..\Server\Server.csproj", "{E476954C-65B8-4AF1-9D4D-715C12DB8B03}"
EndProject
Global
	GlobalSection(SolutionConfigurationPlatforms) = preSolution
		Debug|Any CPU = Debug|Any CPU
		Release|Any CPU = Release|Any CPU
	EndGlobalSection
	GlobalSection(ProjectConfigurationPlatforms) = postSolution
		{C010171A-8033-4CA2-8DA1-A70C0EEFCAF1}.Debug|Any CPU.ActiveCfg = Debug|Any CPU
		{C010171A-8033-4CA2-8DA1-A70C0EEFCAF1}.Debug|Any CPU.Build.0 = Debug|Any CPU
		{C010171A-8033-4CA2-8DA1-A70C0EEFCAF1}.Release|Any CPU.ActiveCfg = Release|Any CPU
		{C010171A-8033-4CA2-8DA1-A70C0EEFCAF1}.Release|Any CPU.Build.0 = Release|Any CPU
		{09C44E1B-EFE3-4391-9021-CA36B53E89E1}.Debug|Any CPU.ActiveCfg = Debug|Any CPU
		{09C44E1B-EFE3-4391-9021-CA36B53E89E1}.Debug|Any CPU.Build.0 = Debug|Any CPU
		{09C44E1B-EFE3-4391-9021-CA36B53E89E1}.Release|Any CPU.ActiveCfg = Release|Any CPU
		{09C44E1B-EFE3-4391-9021-CA36B53E89E1}.Release|Any CPU.Build.0 = Release|Any CPU
		{73F401EF-A98C-4242-A6D4-69171FE3DB41}.Debug|Any CPU.ActiveCfg = Debug|Any CPU
		{73F401EF-A98C-4242-A6D4-69171FE3DB41}.Debug|Any CPU.Build.0 = Debug|Any CPU
		{73F401EF-A98C-4242-A6D4-69171FE3DB41}.Release|Any CPU.ActiveCfg = Release|Any CPU
		{73F401EF-A98C-4242-A6D4-69171FE3DB41}.Release|Any CPU.Build.0 = Release|Any CPU
		{D06BDD35-546A-4630-9215-44E63DCC5312}.Debug|Any CPU.ActiveCfg = Debug|Any CPU
		{D06BDD35-546A-4630-9215-44E63DCC5312}.Debug|Any CPU.Build.0 = Debug|Any CPU
		{D06BDD35-546A-4630-9215-44E63DCC5312}.Release|Any CPU.ActiveCfg = Release|Any CPU
		{D06BDD35-546A-4630-9215-44E63DCC5312}.Release|Any CPU.Build.0 = Release|Any CPU
		{EE6C83D5-A7C8-49F7-9FC1-A6CD8EA9A49A}.Debug|Any CPU.ActiveCfg = Debug|Any CPU
		{EE6C83D5-A7C8-49F7-9FC1-A6CD8EA9A49A}.Debug|Any CPU.Build.0 = Debug|Any CPU
		{EE6C83D5-A7C8-49F7-9FC1-A6CD8EA9A49A}.Release|Any CPU.ActiveCfg = Release|Any CPU
		{EE6C83D5-A7C8-49F7-9FC1-A6CD8EA9A49A}.Release|Any CPU.Build.0 = Release|Any CPU
		{E476954C-65B8-4AF1-9D4D-715C12DB8B03}.Debug|Any CPU.ActiveCfg = Debug|Any CPU
		{E476954C-65B8-4AF1-9D4D-715C12DB8B03}.Debug|Any CPU.Build.0 = Debug|Any CPU
		{E476954C-65B8-4AF1-9D4D-715C12DB8B03}.Release|Any CPU.ActiveCfg = Release|Any CPU
		{E476954C-65B8-4AF1-9D4D-715C12DB8B03}.Release|Any CPU.Build.0 = Release|Any CPU
	EndGlobalSection
	GlobalSection(SolutionProperties) = preSolution
		HideSolutionNode = FALSE
	EndGlobalSection
	GlobalSection(ExtensibilityGlobals) = postSolution
		SolutionGuid = {9FCB0C00-DFCF-49D5-8027-B59E9F430051}
	EndGlobalSection
EndGlobal
